# THIS IS AN AUTOGENERATED FILE. DO NOT EDIT THIS FILE DIRECTLY.
# yarn lockfile v1


"@types/crypto-js@^3.1.45":
  version "3.1.45"
  resolved "https://registry.yarnpkg.com/@types/crypto-js/-/crypto-js-3.1.45.tgz#d2ccd23ae926ff05e3a99b11945e0435185cc1f1"
  integrity sha512-/4yiILxQnVfpAtrVctuEl0qwqAToqayoPEvutyWhHPslr2D9sx85KRmIq7etC0ZYKCK8ppucoLzJukjJdAtfdA==

"@types/node@*":
  version "13.13.5"
  resolved "https://registry.yarnpkg.com/@types/node/-/node-13.13.5.tgz#96ec3b0afafd64a4ccea9107b75bf8489f0e5765"
  integrity sha512-3ySmiBYJPqgjiHA7oEaIo2Rzz0HrOZ7yrNO5HWyaE5q0lQ3BppDZ3N53Miz8bw2I7gh1/zir2MGVZBvpb1zq9g==

"@types/sha256@^0.2.0":
  version "0.2.0"
  resolved "https://registry.yarnpkg.com/@types/sha256/-/sha256-0.2.0.tgz#e91194d70f4eb67f08812e847feecf5146f4afdd"
  integrity sha512-QYMr6HuxTQunFWRLZpGopbkgQFoFWOmKTBGgNSYiWMqU/CWnQSTo3edyHvgsRXsOWtOSOG/cmDptPzgCeOsQGw==
  dependencies:
    "@types/node" "*"

convert-hex@~0.1.0:
  version "0.1.0"
  resolved "https://registry.yarnpkg.com/convert-hex/-/convert-hex-0.1.0.tgz#08c04568922c27776b8a2e81a95d393362ea0b65"
  integrity sha1-CMBFaJIsJ3drii6BqV05M2LqC2U=

convert-string@~0.1.0:
  version "0.1.0"
  resolved "https://registry.yarnpkg.com/convert-string/-/convert-string-0.1.0.tgz#79ce41a9bb0d03bcf72cdc6a8f3c56fbbc64410a"
  integrity sha1-ec5BqbsNA7z3LNxqjzxW+7xkQQo=

crypto-js@^4.2.0:
  version "4.2.0"
  resolved "https://registry.yarnpkg.com/crypto-js/-/crypto-js-4.2.0.tgz#4d931639ecdfd12ff80e8186dba6af2c2e856631"
  integrity sha512-KALDyEYgpY+Rlob/iriUtjV6d5Eq+Y191A5g4UqLAi8CyGP9N1+FdVbkc1SxKc2r4YAYqG8JzO2KGL+AizD70Q==

sha256@^0.2.0:
  version "0.2.0"
  resolved "https://registry.yarnpkg.com/sha256/-/sha256-0.2.0.tgz#73a0b418daab7035bff86e8491e363412fc2ab05"
  integrity sha1-c6C0GNqrcDW/+G6EkeNjQS/CqwU=
  dependencies:
    convert-hex "~0.1.0"
    convert-string "~0.1.0"
